
Microsoft Visual Studio Solution File, Format Version 12.00
# Visual Studio Version 17
VisualStudioVersion = 17.13.35931.197 d17.13
MinimumVisualStudioVersion = 10.0.40219.1
Project("{8BC9CEB8-8B4A-11D0-8D11-00A0C91BC942}") = "PG2_Evaluation task2", "PG2_Evaluation task2.vcxproj", "{42501DEF-7F7E-4F40-A655-D7F6362D5D7E}"
EndProject
Global
	GlobalSection(SolutionConfigurationPlatforms) = preSolution
		Debug|x64 = Debug|x64
		Develop|x64 = Develop|x64
		Release|x64 = Release|x64
	EndGlobalSection
	GlobalSection(ProjectConfigurationPlatforms) = postSolution
		{42501DEF-7F7E-4F40-A655-D7F6362D5D7E}.Debug|x64.ActiveCfg = Debug|x64
		{42501DEF-7F7E-4F40-A655-D7F6362D5D7E}.Debug|x64.Build.0 = Debug|x64
		{42501DEF-7F7E-4F40-A655-D7F6362D5D7E}.Develop|x64.ActiveCfg = Develop|x64
		{42501DEF-7F7E-4F40-A655-D7F6362D5D7E}.Develop|x64.Build.0 = Develop|x64
		{42501DEF-7F7E-4F40-A655-D7F6362D5D7E}.Release|x64.ActiveCfg = Release|x64
		{42501DEF-7F7E-4F40-A655-D7F6362D5D7E}.Release|x64.Build.0 = Release|x64
	EndGlobalSection
	GlobalSection(SolutionProperties) = preSolution
		HideSolutionNode = FALSE
	EndGlobalSection
	GlobalSection(ExtensibilityGlobals) = postSolution
		SolutionGuid = {CCEFBB2D-A83C-4654-A595-09140716AB8B}
	EndGlobalSection
EndGlobal
